
Microsoft Visual Studio Solution File, Format Version 12.00
# Visual Studio Version 16
VisualStudioVersion = 17.0.31611.283
MinimumVisualStudioVersion = 10.0.40219.1
Project("{FAE04EC0-301F-11D3-BF4B-00C04F79EFBC}") = "MAUI-AppCenter", "MAUI-AppCenter.csproj", "{2775E406-7304-4328-9101-4FE02C2DB5B3}"
EndProject
Global
	GlobalSection(SolutionConfigurationPlatforms) = preSolution
		Debug|Any CPU = Debug|Any CPU
		Release|Any CPU = Release|Any CPU
		Debug|iPhoneSimulator = Debug|iPhoneSimulator
		Debug|iPhone = Debug|iPhone
		Release|iPhoneSimulator = Release|iPhoneSimulator
	EndGlobalSection
	GlobalSection(ProjectConfigurationPlatforms) = postSolution
		{2775E406-7304-4328-9101-4FE02C2DB5B3}.Debug|Any CPU.ActiveCfg = Debug|Any CPU
		{2775E406-7304-4328-9101-4FE02C2DB5B3}.Debug|Any CPU.Build.0 = Debug|Any CPU
		{2775E406-7304-4328-9101-4FE02C2DB5B3}.Debug|Any CPU.Deploy.0 = Debug|Any CPU
		{2775E406-7304-4328-9101-4FE02C2DB5B3}.Release|Any CPU.ActiveCfg = Release|Any CPU
		{2775E406-7304-4328-9101-4FE02C2DB5B3}.Release|Any CPU.Build.0 = Release|Any CPU
		{2775E406-7304-4328-9101-4FE02C2DB5B3}.Release|Any CPU.Deploy.0 = Release|Any CPU
		{2775E406-7304-4328-9101-4FE02C2DB5B3}.Debug|iPhoneSimulator.ActiveCfg = Debug|iPhoneSimulator
		{2775E406-7304-4328-9101-4FE02C2DB5B3}.Debug|iPhoneSimulator.Build.0 = Debug|iPhoneSimulator
		{2775E406-7304-4328-9101-4FE02C2DB5B3}.Debug|iPhone.ActiveCfg = Debug|Any CPU
		{2775E406-7304-4328-9101-4FE02C2DB5B3}.Debug|iPhone.Build.0 = Debug|Any CPU
		{2775E406-7304-4328-9101-4FE02C2DB5B3}.Release|iPhoneSimulator.ActiveCfg = Release|iPhoneSimulator
		{2775E406-7304-4328-9101-4FE02C2DB5B3}.Release|iPhoneSimulator.Build.0 = Release|iPhoneSimulator
	EndGlobalSection
	GlobalSection(SolutionProperties) = preSolution
		HideSolutionNode = FALSE
	EndGlobalSection
	GlobalSection(ExtensibilityGlobals) = postSolution
		SolutionGuid = {61F7FB11-1E47-470C-91E2-47F8143E1572}
	EndGlobalSection
EndGlobal
